
Microsoft Visual Studio Solution File, Format Version 12.00
# Visual Studio Version 17
VisualStudioVersion = 17.11.35327.3
MinimumVisualStudioVersion = 10.0.40219.1
Project("{2150E333-8FDC-42A3-9474-1A3956D46DE8}") = "FrontEnd", "FrontEnd", "{756DD73D-AE64-4B2E-B506-A17F8F272245}"
EndProject
Project("{2150E333-8FDC-42A3-9474-1A3956D46DE8}") = "Gateway", "Gateway", "{C80F8521-6D18-4463-BCE3-E76211592AE2}"
EndProject
Project("{2150E333-8FDC-42A3-9474-1A3956D46DE8}") = "Integration", "Integration", "{D6B7E1B7-EFC3-4834-B074-32B6019435A5}"
EndProject
Project("{2150E333-8FDC-42A3-9474-1A3956D46DE8}") = "Services", "Services", "{C35ACAC3-4694-4BB7-9433-E1DDB86EB562}"
EndProject
Project("{9A19103F-16F7-4668-BE54-9A1E7A4F7556}") = "CouponAPI", "Services\CouponAPI\CouponAPI.csproj", "{BC2B166C-D6BB-4285-951C-AFD9580E879F}"
EndProject
Project("{9A19103F-16F7-4668-BE54-9A1E7A4F7556}") = "ProductAPI", "Services\ProductAPI\ProductAPI.csproj", "{89C9C4DE-C465-4AC8-9559-B2AA951B42E5}"
EndProject
Project("{9A19103F-16F7-4668-BE54-9A1E7A4F7556}") = "AuthAPI", "Services\AuthAPI\AuthAPI.csproj", "{E0CEC15A-85AE-4D63-9D98-96D59FF69621}"
EndProject
Project("{FAE04EC0-301F-11D3-BF4B-00C04F79EFBC}") = "CouponApiMVCFrontEnd", "FrontEnd\CouponApiMVCFrontEnd\CouponApiMVCFrontEnd.csproj", "{DDF84E55-AFD0-44AA-BDCD-06EEE5CBC165}"
	ProjectSection(ProjectDependencies) = postProject
		{89C9C4DE-C465-4AC8-9559-B2AA951B42E5} = {89C9C4DE-C465-4AC8-9559-B2AA951B42E5}
		{BC2B166C-D6BB-4285-951C-AFD9580E879F} = {BC2B166C-D6BB-4285-951C-AFD9580E879F}
		{E0CEC15A-85AE-4D63-9D98-96D59FF69621} = {E0CEC15A-85AE-4D63-9D98-96D59FF69621}
	EndProjectSection
EndProject
Global
	GlobalSection(SolutionConfigurationPlatforms) = preSolution
		Debug|Any CPU = Debug|Any CPU
		Release|Any CPU = Release|Any CPU
	EndGlobalSection
	GlobalSection(ProjectConfigurationPlatforms) = postSolution
		{BC2B166C-D6BB-4285-951C-AFD9580E879F}.Debug|Any CPU.ActiveCfg = Debug|Any CPU
		{BC2B166C-D6BB-4285-951C-AFD9580E879F}.Debug|Any CPU.Build.0 = Debug|Any CPU
		{BC2B166C-D6BB-4285-951C-AFD9580E879F}.Release|Any CPU.ActiveCfg = Release|Any CPU
		{BC2B166C-D6BB-4285-951C-AFD9580E879F}.Release|Any CPU.Build.0 = Release|Any CPU
		{89C9C4DE-C465-4AC8-9559-B2AA951B42E5}.Debug|Any CPU.ActiveCfg = Debug|Any CPU
		{89C9C4DE-C465-4AC8-9559-B2AA951B42E5}.Debug|Any CPU.Build.0 = Debug|Any CPU
		{89C9C4DE-C465-4AC8-9559-B2AA951B42E5}.Release|Any CPU.ActiveCfg = Release|Any CPU
		{89C9C4DE-C465-4AC8-9559-B2AA951B42E5}.Release|Any CPU.Build.0 = Release|Any CPU
		{E0CEC15A-85AE-4D63-9D98-96D59FF69621}.Debug|Any CPU.ActiveCfg = Debug|Any CPU
		{E0CEC15A-85AE-4D63-9D98-96D59FF69621}.Debug|Any CPU.Build.0 = Debug|Any CPU
		{E0CEC15A-85AE-4D63-9D98-96D59FF69621}.Release|Any CPU.ActiveCfg = Release|Any CPU
		{E0CEC15A-85AE-4D63-9D98-96D59FF69621}.Release|Any CPU.Build.0 = Release|Any CPU
		{DDF84E55-AFD0-44AA-BDCD-06EEE5CBC165}.Debug|Any CPU.ActiveCfg = Debug|Any CPU
		{DDF84E55-AFD0-44AA-BDCD-06EEE5CBC165}.Debug|Any CPU.Build.0 = Debug|Any CPU
		{DDF84E55-AFD0-44AA-BDCD-06EEE5CBC165}.Release|Any CPU.ActiveCfg = Release|Any CPU
		{DDF84E55-AFD0-44AA-BDCD-06EEE5CBC165}.Release|Any CPU.Build.0 = Release|Any CPU
	EndGlobalSection
	GlobalSection(SolutionProperties) = preSolution
		HideSolutionNode = FALSE
	EndGlobalSection
	GlobalSection(NestedProjects) = preSolution
		{BC2B166C-D6BB-4285-951C-AFD9580E879F} = {C35ACAC3-4694-4BB7-9433-E1DDB86EB562}
		{89C9C4DE-C465-4AC8-9559-B2AA951B42E5} = {C35ACAC3-4694-4BB7-9433-E1DDB86EB562}
		{E0CEC15A-85AE-4D63-9D98-96D59FF69621} = {C35ACAC3-4694-4BB7-9433-E1DDB86EB562}
		{DDF84E55-AFD0-44AA-BDCD-06EEE5CBC165} = {756DD73D-AE64-4B2E-B506-A17F8F272245}
	EndGlobalSection
	GlobalSection(ExtensibilityGlobals) = postSolution
		SolutionGuid = {CED35A13-DCEC-4BAB-B6E6-E2DF2192F165}
	EndGlobalSection
EndGlobal
